
Microsoft Visual Studio Solution File, Format Version 12.00
# Visual Studio Version 16
VisualStudioVersion = 16.0.29519.87
MinimumVisualStudioVersion = 10.0.40219.1
Project("{D954291E-2A0B-460D-934E-DC6B0785DB48}") = "CyberTruck.Shared", "CyberTruck.Shared\CyberTruck.Shared.shproj", "{6279C845-92F8-4333-AB99-3D213163593C}"
EndProject
Project("{FAE04EC0-301F-11D3-BF4B-00C04F79EFBC}") = "CyberTruck.Droid", "CyberTruck.Droid\CyberTruck.Droid.csproj", "{8857F872-1FBE-4164-A505-657D14F7AF2A}"
EndProject
Project("{FAE04EC0-301F-11D3-BF4B-00C04F79EFBC}") = "CyberTruck.iOS", "CyberTruck.iOS\CyberTruck.iOS.csproj", "{8A68A900-9633-4FBE-AD55-EABECD4BDE22}"
EndProject
Project("{FAE04EC0-301F-11D3-BF4B-00C04F79EFBC}") = "CyberTruck.UWP", "CyberTruck.UWP\CyberTruck.UWP.csproj", "{C8422A7A-AE39-4001-889E-3F9754E9A2C3}"
EndProject
Project("{9A19103F-16F7-4668-BE54-9A1E7A4F7556}") = "CyberTruck.Wasm", "CyberTruck.Wasm\CyberTruck.Wasm.csproj", "{8A0C18C0-012F-4976-837F-399CEA06E2B0}"
EndProject
Global
	GlobalSection(SharedMSBuildProjectFiles) = preSolution
		CyberTruck.Shared\CyberTruck.Shared.projitems*{6279c845-92f8-4333-ab99-3d213163593c}*SharedItemsImports = 13
		CyberTruck.Shared\CyberTruck.Shared.projitems*{8857f872-1fbe-4164-a505-657d14f7af2a}*SharedItemsImports = 4
		CyberTruck.Shared\CyberTruck.Shared.projitems*{8a68a900-9633-4fbe-ad55-eabecd4bde22}*SharedItemsImports = 4
		CyberTruck.Shared\CyberTruck.Shared.projitems*{c8422a7a-ae39-4001-889e-3f9754e9a2c3}*SharedItemsImports = 4
	EndGlobalSection
	GlobalSection(SolutionConfigurationPlatforms) = preSolution
		Ad-Hoc|Any CPU = Ad-Hoc|Any CPU
		Ad-Hoc|ARM = Ad-Hoc|ARM
		Ad-Hoc|iPhone = Ad-Hoc|iPhone
		Ad-Hoc|iPhoneSimulator = Ad-Hoc|iPhoneSimulator
		Ad-Hoc|x64 = Ad-Hoc|x64
		Ad-Hoc|x86 = Ad-Hoc|x86
		AppStore|Any CPU = AppStore|Any CPU
		AppStore|ARM = AppStore|ARM
		AppStore|iPhone = AppStore|iPhone
		AppStore|iPhoneSimulator = AppStore|iPhoneSimulator
		AppStore|x64 = AppStore|x64
		AppStore|x86 = AppStore|x86
		Debug|Any CPU = Debug|Any CPU
		Debug|ARM = Debug|ARM
		Debug|iPhone = Debug|iPhone
		Debug|iPhoneSimulator = Debug|iPhoneSimulator
		Debug|x64 = Debug|x64
		Debug|x86 = Debug|x86
		Release|Any CPU = Release|Any CPU
		Release|ARM = Release|ARM
		Release|iPhone = Release|iPhone
		Release|iPhoneSimulator = Release|iPhoneSimulator
		Release|x64 = Release|x64
		Release|x86 = Release|x86
	EndGlobalSection
	GlobalSection(ProjectConfigurationPlatforms) = postSolution
		{8857F872-1FBE-4164-A505-657D14F7AF2A}.Ad-Hoc|Any CPU.ActiveCfg = Release|Any CPU
		{8857F872-1FBE-4164-A505-657D14F7AF2A}.Ad-Hoc|Any CPU.Build.0 = Release|Any CPU
		{8857F872-1FBE-4164-A505-657D14F7AF2A}.Ad-Hoc|Any CPU.Deploy.0 = Release|Any CPU
		{8857F872-1FBE-4164-A505-657D14F7AF2A}.Ad-Hoc|ARM.ActiveCfg = Release|Any CPU
		{8857F872-1FBE-4164-A505-657D14F7AF2A}.Ad-Hoc|ARM.Build.0 = Release|Any CPU
		{8857F872-1FBE-4164-A505-657D14F7AF2A}.Ad-Hoc|ARM.Deploy.0 = Release|Any CPU
		{8857F872-1FBE-4164-A505-657D14F7AF2A}.Ad-Hoc|iPhone.ActiveCfg = Release|Any CPU
		{8857F872-1FBE-4164-A505-657D14F7AF2A}.Ad-Hoc|iPhone.Build.0 = Release|Any CPU
		{8857F872-1FBE-4164-A505-657D14F7AF2A}.Ad-Hoc|iPhone.Deploy.0 = Release|Any CPU
		{8857F872-1FBE-4164-A505-657D14F7AF2A}.Ad-Hoc|iPhoneSimulator.ActiveCfg = Release|Any CPU
		{8857F872-1FBE-4164-A505-657D14F7AF2A}.Ad-Hoc|iPhoneSimulator.Build.0 = Release|Any CPU
		{8857F872-1FBE-4164-A505-657D14F7AF2A}.Ad-Hoc|iPhoneSimulator.Deploy.0 = Release|Any CPU
		{8857F872-1FBE-4164-A505-657D14F7AF2A}.Ad-Hoc|x64.ActiveCfg = Release|Any CPU
		{8857F872-1FBE-4164-A505-657D14F7AF2A}.Ad-Hoc|x64.Build.0 = Release|Any CPU
		{8857F872-1FBE-4164-A505-657D14F7AF2A}.Ad-Hoc|x64.Deploy.0 = Release|Any CPU
		{8857F872-1FBE-4164-A505-657D14F7AF2A}.Ad-Hoc|x86.ActiveCfg = Release|Any CPU
		{8857F872-1FBE-4164-A505-657D14F7AF2A}.Ad-Hoc|x86.Build.0 = Release|Any CPU
		{8857F872-1FBE-4164-A505-657D14F7AF2A}.Ad-Hoc|x86.Deploy.0 = Release|Any CPU
		{8857F872-1FBE-4164-A505-657D14F7AF2A}.AppStore|Any CPU.ActiveCfg = Release|Any CPU
		{8857F872-1FBE-4164-A505-657D14F7AF2A}.AppStore|Any CPU.Build.0 = Release|Any CPU
		{8857F872-1FBE-4164-A505-657D14F7AF2A}.AppStore|Any CPU.Deploy.0 = Release|Any CPU
		{8857F872-1FBE-4164-A505-657D14F7AF2A}.AppStore|ARM.ActiveCfg = Release|Any CPU
		{8857F872-1FBE-4164-A505-657D14F7AF2A}.AppStore|ARM.Build.0 = Release|Any CPU
		{8857F872-1FBE-4164-A505-657D14F7AF2A}.AppStore|ARM.Deploy.0 = Release|Any CPU
		{8857F872-1FBE-4164-A505-657D14F7AF2A}.AppStore|iPhone.ActiveCfg = Release|Any CPU
		{8857F872-1FBE-4164-A505-657D14F7AF2A}.AppStore|iPhone.Build.0 = Release|Any CPU
		{8857F872-1FBE-4164-A505-657D14F7AF2A}.AppStore|iPhone.Deploy.0 = Release|Any CPU
		{8857F872-1FBE-4164-A505-657D14F7AF2A}.AppStore|iPhoneSimulator.ActiveCfg = Release|Any CPU
		{8857F872-1FBE-4164-A505-657D14F7AF2A}.AppStore|iPhoneSimulator.Build.0 = Release|Any CPU
		{8857F872-1FBE-4164-A505-657D14F7AF2A}.AppStore|iPhoneSimulator.Deploy.0 = Release|Any CPU
		{8857F872-1FBE-4164-A505-657D14F7AF2A}.AppStore|x64.ActiveCfg = Release|Any CPU
		{8857F872-1FBE-4164-A505-657D14F7AF2A}.AppStore|x64.Build.0 = Release|Any CPU
		{8857F872-1FBE-4164-A505-657D14F7AF2A}.AppStore|x64.Deploy.0 = Release|Any CPU
		{8857F872-1FBE-4164-A505-657D14F7AF2A}.AppStore|x86.ActiveCfg = Release|Any CPU
		{8857F872-1FBE-4164-A505-657D14F7AF2A}.AppStore|x86.Build.0 = Release|Any CPU
		{8857F872-1FBE-4164-A505-657D14F7AF2A}.AppStore|x86.Deploy.0 = Release|Any CPU
		{8857F872-1FBE-4164-A505-657D14F7AF2A}.Debug|Any CPU.ActiveCfg = Debug|Any CPU
		{8857F872-1FBE-4164-A505-657D14F7AF2A}.Debug|Any CPU.Build.0 = Debug|Any CPU
		{8857F872-1FBE-4164-A505-657D14F7AF2A}.Debug|Any CPU.Deploy.0 = Debug|Any CPU
		{8857F872-1FBE-4164-A505-657D14F7AF2A}.Debug|ARM.ActiveCfg = Debug|Any CPU
		{8857F872-1FBE-4164-A505-657D14F7AF2A}.Debug|ARM.Build.0 = Debug|Any CPU
		{8857F872-1FBE-4164-A505-657D14F7AF2A}.Debug|ARM.Deploy.0 = Debug|Any CPU
		{8857F872-1FBE-4164-A505-657D14F7AF2A}.Debug|iPhone.ActiveCfg = Debug|Any CPU
		{8857F872-1FBE-4164-A505-657D14F7AF2A}.Debug|iPhone.Build.0 = Debug|Any CPU
		{8857F872-1FBE-4164-A505-657D14F7AF2A}.Debug|iPhone.Deploy.0 = Debug|Any CPU
		{8857F872-1FBE-4164-A505-657D14F7AF2A}.Debug|iPhoneSimulator.ActiveCfg = Debug|Any CPU
		{8857F872-1FBE-4164-A505-657D14F7AF2A}.Debug|iPhoneSimulator.Build.0 = Debug|Any CPU
		{8857F872-1FBE-4164-A505-657D14F7AF2A}.Debug|iPhoneSimulator.Deploy.0 = Debug|Any CPU
		{8857F872-1FBE-4164-A505-657D14F7AF2A}.Debug|x64.ActiveCfg = Debug|Any CPU
		{8857F872-1FBE-4164-A505-657D14F7AF2A}.Debug|x64.Build.0 = Debug|Any CPU
		{8857F872-1FBE-4164-A505-657D14F7AF2A}.Debug|x64.Deploy.0 = Debug|Any CPU
		{8857F872-1FBE-4164-A505-657D14F7AF2A}.Debug|x86.ActiveCfg = Debug|Any CPU
		{8857F872-1FBE-4164-A505-657D14F7AF2A}.Debug|x86.Build.0 = Debug|Any CPU
		{8857F872-1FBE-4164-A505-657D14F7AF2A}.Debug|x86.Deploy.0 = Debug|Any CPU
		{8857F872-1FBE-4164-A505-657D14F7AF2A}.Release|Any CPU.ActiveCfg = Release|Any CPU
		{8857F872-1FBE-4164-A505-657D14F7AF2A}.Release|Any CPU.Build.0 = Release|Any CPU
		{8857F872-1FBE-4164-A505-657D14F7AF2A}.Release|Any CPU.Deploy.0 = Release|Any CPU
		{8857F872-1FBE-4164-A505-657D14F7AF2A}.Release|ARM.ActiveCfg = Release|Any CPU
		{8857F872-1FBE-4164-A505-657D14F7AF2A}.Release|ARM.Build.0 = Release|Any CPU
		{8857F872-1FBE-4164-A505-657D14F7AF2A}.Release|ARM.Deploy.0 = Release|Any CPU
		{8857F872-1FBE-4164-A505-657D14F7AF2A}.Release|iPhone.ActiveCfg = Release|Any CPU
		{8857F872-1FBE-4164-A505-657D14F7AF2A}.Release|iPhone.Build.0 = Release|Any CPU
		{8857F872-1FBE-4164-A505-657D14F7AF2A}.Release|iPhone.Deploy.0 = Release|Any CPU
		{8857F872-1FBE-4164-A505-657D14F7AF2A}.Release|iPhoneSimulator.ActiveCfg = Release|Any CPU
		{8857F872-1FBE-4164-A505-657D14F7AF2A}.Release|iPhoneSimulator.Build.0 = Release|Any CPU
		{8857F872-1FBE-4164-A505-657D14F7AF2A}.Release|iPhoneSimulator.Deploy.0 = Release|Any CPU
		{8857F872-1FBE-4164-A505-657D14F7AF2A}.Release|x64.ActiveCfg = Release|Any CPU
		{8857F872-1FBE-4164-A505-657D14F7AF2A}.Release|x64.Build.0 = Release|Any CPU
		{8857F872-1FBE-4164-A505-657D14F7AF2A}.Release|x64.Deploy.0 = Release|Any CPU
		{8857F872-1FBE-4164-A505-657D14F7AF2A}.Release|x86.ActiveCfg = Release|Any CPU
		{8857F872-1FBE-4164-A505-657D14F7AF2A}.Release|x86.Build.0 = Release|Any CPU
		{8857F872-1FBE-4164-A505-657D14F7AF2A}.Release|x86.Deploy.0 = Release|Any CPU
		{8A68A900-9633-4FBE-AD55-EABECD4BDE22}.Ad-Hoc|Any CPU.ActiveCfg = Ad-Hoc|iPhone
		{8A68A900-9633-4FBE-AD55-EABECD4BDE22}.Ad-Hoc|ARM.ActiveCfg = Ad-Hoc|iPhone
		{8A68A900-9633-4FBE-AD55-EABECD4BDE22}.Ad-Hoc|iPhone.ActiveCfg = Ad-Hoc|iPhone
		{8A68A900-9633-4FBE-AD55-EABECD4BDE22}.Ad-Hoc|iPhone.Build.0 = Ad-Hoc|iPhone
		{8A68A900-9633-4FBE-AD55-EABECD4BDE22}.Ad-Hoc|iPhoneSimulator.ActiveCfg = Ad-Hoc|iPhoneSimulator
		{8A68A900-9633-4FBE-AD55-EABECD4BDE22}.Ad-Hoc|iPhoneSimulator.Build.0 = Ad-Hoc|iPhoneSimulator
		{8A68A900-9633-4FBE-AD55-EABECD4BDE22}.Ad-Hoc|x64.ActiveCfg = Ad-Hoc|iPhone
		{8A68A900-9633-4FBE-AD55-EABECD4BDE22}.Ad-Hoc|x86.ActiveCfg = Ad-Hoc|iPhone
		{8A68A900-9633-4FBE-AD55-EABECD4BDE22}.AppStore|Any CPU.ActiveCfg = AppStore|iPhone
		{8A68A900-9633-4FBE-AD55-EABECD4BDE22}.AppStore|ARM.ActiveCfg = AppStore|iPhone
		{8A68A900-9633-4FBE-AD55-EABECD4BDE22}.AppStore|iPhone.ActiveCfg = AppStore|iPhone
		{8A68A900-9633-4FBE-AD55-EABECD4BDE22}.AppStore|iPhone.Build.0 = AppStore|iPhone
		{8A68A900-9633-4FBE-AD55-EABECD4BDE22}.AppStore|iPhoneSimulator.ActiveCfg = AppStore|iPhoneSimulator
		{8A68A900-9633-4FBE-AD55-EABECD4BDE22}.AppStore|iPhoneSimulator.Build.0 = AppStore|iPhoneSimulator
		{8A68A900-9633-4FBE-AD55-EABECD4BDE22}.AppStore|x64.ActiveCfg = AppStore|iPhone
		{8A68A900-9633-4FBE-AD55-EABECD4BDE22}.AppStore|x86.ActiveCfg = AppStore|iPhone
		{8A68A900-9633-4FBE-AD55-EABECD4BDE22}.Debug|Any CPU.ActiveCfg = Debug|iPhone
		{8A68A900-9633-4FBE-AD55-EABECD4BDE22}.Debug|ARM.ActiveCfg = Debug|iPhone
		{8A68A900-9633-4FBE-AD55-EABECD4BDE22}.Debug|iPhone.ActiveCfg = Debug|iPhone
		{8A68A900-9633-4FBE-AD55-EABECD4BDE22}.Debug|iPhone.Build.0 = Debug|iPhone
		{8A68A900-9633-4FBE-AD55-EABECD4BDE22}.Debug|iPhoneSimulator.ActiveCfg = Debug|iPhoneSimulator
		{8A68A900-9633-4FBE-AD55-EABECD4BDE22}.Debug|iPhoneSimulator.Build.0 = Debug|iPhoneSimulator
		{8A68A900-9633-4FBE-AD55-EABECD4BDE22}.Debug|x64.ActiveCfg = Debug|iPhone
		{8A68A900-9633-4FBE-AD55-EABECD4BDE22}.Debug|x86.ActiveCfg = Debug|iPhone
		{8A68A900-9633-4FBE-AD55-EABECD4BDE22}.Release|Any CPU.ActiveCfg = Release|iPhone
		{8A68A900-9633-4FBE-AD55-EABECD4BDE22}.Release|ARM.ActiveCfg = Release|iPhone
		{8A68A900-9633-4FBE-AD55-EABECD4BDE22}.Release|iPhone.ActiveCfg = Release|iPhone
		{8A68A900-9633-4FBE-AD55-EABECD4BDE22}.Release|iPhone.Build.0 = Release|iPhone
		{8A68A900-9633-4FBE-AD55-EABECD4BDE22}.Release|iPhoneSimulator.ActiveCfg = Release|iPhoneSimulator
		{8A68A900-9633-4FBE-AD55-EABECD4BDE22}.Release|iPhoneSimulator.Build.0 = Release|iPhoneSimulator
		{8A68A900-9633-4FBE-AD55-EABECD4BDE22}.Release|x64.ActiveCfg = Release|iPhone
		{8A68A900-9633-4FBE-AD55-EABECD4BDE22}.Release|x86.ActiveCfg = Release|iPhone
		{C8422A7A-AE39-4001-889E-3F9754E9A2C3}.Ad-Hoc|Any CPU.ActiveCfg = Release|x64
		{C8422A7A-AE39-4001-889E-3F9754E9A2C3}.Ad-Hoc|Any CPU.Build.0 = Release|x64
		{C8422A7A-AE39-4001-889E-3F9754E9A2C3}.Ad-Hoc|Any CPU.Deploy.0 = Release|x64
		{C8422A7A-AE39-4001-889E-3F9754E9A2C3}.Ad-Hoc|ARM.ActiveCfg = Release|ARM
		{C8422A7A-AE39-4001-889E-3F9754E9A2C3}.Ad-Hoc|ARM.Build.0 = Release|ARM
		{C8422A7A-AE39-4001-889E-3F9754E9A2C3}.Ad-Hoc|ARM.Deploy.0 = Release|ARM
		{C8422A7A-AE39-4001-889E-3F9754E9A2C3}.Ad-Hoc|iPhone.ActiveCfg = Release|x64
		{C8422A7A-AE39-4001-889E-3F9754E9A2C3}.Ad-Hoc|iPhone.Build.0 = Release|x64
		{C8422A7A-AE39-4001-889E-3F9754E9A2C3}.Ad-Hoc|iPhone.Deploy.0 = Release|x64
		{C8422A7A-AE39-4001-889E-3F9754E9A2C3}.Ad-Hoc|iPhoneSimulator.ActiveCfg = Release|x64
		{C8422A7A-AE39-4001-889E-3F9754E9A2C3}.Ad-Hoc|iPhoneSimulator.Build.0 = Release|x64
		{C8422A7A-AE39-4001-889E-3F9754E9A2C3}.Ad-Hoc|iPhoneSimulator.Deploy.0 = Release|x64
		{C8422A7A-AE39-4001-889E-3F9754E9A2C3}.Ad-Hoc|x64.ActiveCfg = Release|x64
		{C8422A7A-AE39-4001-889E-3F9754E9A2C3}.Ad-Hoc|x64.Build.0 = Release|x64
		{C8422A7A-AE39-4001-889E-3F9754E9A2C3}.Ad-Hoc|x64.Deploy.0 = Release|x64
		{C8422A7A-AE39-4001-889E-3F9754E9A2C3}.Ad-Hoc|x86.ActiveCfg = Release|x86
		{C8422A7A-AE39-4001-889E-3F9754E9A2C3}.Ad-Hoc|x86.Build.0 = Release|x86
		{C8422A7A-AE39-4001-889E-3F9754E9A2C3}.Ad-Hoc|x86.Deploy.0 = Release|x86
		{C8422A7A-AE39-4001-889E-3F9754E9A2C3}.AppStore|Any CPU.ActiveCfg = Release|x64
		{C8422A7A-AE39-4001-889E-3F9754E9A2C3}.AppStore|Any CPU.Build.0 = Release|x64
		{C8422A7A-AE39-4001-889E-3F9754E9A2C3}.AppStore|Any CPU.Deploy.0 = Release|x64
		{C8422A7A-AE39-4001-889E-3F9754E9A2C3}.AppStore|ARM.ActiveCfg = Release|ARM
		{C8422A7A-AE39-4001-889E-3F9754E9A2C3}.AppStore|ARM.Build.0 = Release|ARM
		{C8422A7A-AE39-4001-889E-3F9754E9A2C3}.AppStore|ARM.Deploy.0 = Release|ARM
		{C8422A7A-AE39-4001-889E-3F9754E9A2C3}.AppStore|iPhone.ActiveCfg = Release|x64
		{C8422A7A-AE39-4001-889E-3F9754E9A2C3}.AppStore|iPhone.Build.0 = Release|x64
		{C8422A7A-AE39-4001-889E-3F9754E9A2C3}.AppStore|iPhone.Deploy.0 = Release|x64
		{C8422A7A-AE39-4001-889E-3F9754E9A2C3}.AppStore|iPhoneSimulator.ActiveCfg = Release|x64
		{C8422A7A-AE39-4001-889E-3F9754E9A2C3}.AppStore|iPhoneSimulator.Build.0 = Release|x64
		{C8422A7A-AE39-4001-889E-3F9754E9A2C3}.AppStore|iPhoneSimulator.Deploy.0 = Release|x64
		{C8422A7A-AE39-4001-889E-3F9754E9A2C3}.AppStore|x64.ActiveCfg = Release|x64
		{C8422A7A-AE39-4001-889E-3F9754E9A2C3}.AppStore|x64.Build.0 = Release|x64
		{C8422A7A-AE39-4001-889E-3F9754E9A2C3}.AppStore|x64.Deploy.0 = Release|x64
		{C8422A7A-AE39-4001-889E-3F9754E9A2C3}.AppStore|x86.ActiveCfg = Release|x86
		{C8422A7A-AE39-4001-889E-3F9754E9A2C3}.AppStore|x86.Build.0 = Release|x86
		{C8422A7A-AE39-4001-889E-3F9754E9A2C3}.AppStore|x86.Deploy.0 = Release|x86
		{C8422A7A-AE39-4001-889E-3F9754E9A2C3}.Debug|Any CPU.ActiveCfg = Debug|x86
		{C8422A7A-AE39-4001-889E-3F9754E9A2C3}.Debug|ARM.ActiveCfg = Debug|ARM
		{C8422A7A-AE39-4001-889E-3F9754E9A2C3}.Debug|ARM.Build.0 = Debug|ARM
		{C8422A7A-AE39-4001-889E-3F9754E9A2C3}.Debug|ARM.Deploy.0 = Debug|ARM
		{C8422A7A-AE39-4001-889E-3F9754E9A2C3}.Debug|iPhone.ActiveCfg = Debug|x86
		{C8422A7A-AE39-4001-889E-3F9754E9A2C3}.Debug|iPhoneSimulator.ActiveCfg = Debug|x86
		{C8422A7A-AE39-4001-889E-3F9754E9A2C3}.Debug|x64.ActiveCfg = Debug|x64
		{C8422A7A-AE39-4001-889E-3F9754E9A2C3}.Debug|x64.Build.0 = Debug|x64
		{C8422A7A-AE39-4001-889E-3F9754E9A2C3}.Debug|x64.Deploy.0 = Debug|x64
		{C8422A7A-AE39-4001-889E-3F9754E9A2C3}.Debug|x86.ActiveCfg = Debug|x86
		{C8422A7A-AE39-4001-889E-3F9754E9A2C3}.Debug|x86.Build.0 = Debug|x86
		{C8422A7A-AE39-4001-889E-3F9754E9A2C3}.Debug|x86.Deploy.0 = Debug|x86
		{C8422A7A-AE39-4001-889E-3F9754E9A2C3}.Release|Any CPU.ActiveCfg = Release|x86
		{C8422A7A-AE39-4001-889E-3F9754E9A2C3}.Release|ARM.ActiveCfg = Release|ARM
		{C8422A7A-AE39-4001-889E-3F9754E9A2C3}.Release|ARM.Build.0 = Release|ARM
		{C8422A7A-AE39-4001-889E-3F9754E9A2C3}.Release|ARM.Deploy.0 = Release|ARM
		{C8422A7A-AE39-4001-889E-3F9754E9A2C3}.Release|iPhone.ActiveCfg = Release|x86
		{C8422A7A-AE39-4001-889E-3F9754E9A2C3}.Release|iPhoneSimulator.ActiveCfg = Release|x86
		{C8422A7A-AE39-4001-889E-3F9754E9A2C3}.Release|x64.ActiveCfg = Release|x64
		{C8422A7A-AE39-4001-889E-3F9754E9A2C3}.Release|x64.Build.0 = Release|x64
		{C8422A7A-AE39-4001-889E-3F9754E9A2C3}.Release|x64.Deploy.0 = Release|x64
		{C8422A7A-AE39-4001-889E-3F9754E9A2C3}.Release|x86.ActiveCfg = Release|x86
		{C8422A7A-AE39-4001-889E-3F9754E9A2C3}.Release|x86.Build.0 = Release|x86
		{C8422A7A-AE39-4001-889E-3F9754E9A2C3}.Release|x86.Deploy.0 = Release|x86
		{8A0C18C0-012F-4976-837F-399CEA06E2B0}.Ad-Hoc|Any CPU.ActiveCfg = Debug|Any CPU
		{8A0C18C0-012F-4976-837F-399CEA06E2B0}.Ad-Hoc|Any CPU.Build.0 = Debug|Any CPU
		{8A0C18C0-012F-4976-837F-399CEA06E2B0}.Ad-Hoc|ARM.ActiveCfg = Debug|Any CPU
		{8A0C18C0-012F-4976-837F-399CEA06E2B0}.Ad-Hoc|ARM.Build.0 = Debug|Any CPU
		{8A0C18C0-012F-4976-837F-399CEA06E2B0}.Ad-Hoc|iPhone.ActiveCfg = Debug|Any CPU
		{8A0C18C0-012F-4976-837F-399CEA06E2B0}.Ad-Hoc|iPhone.Build.0 = Debug|Any CPU
		{8A0C18C0-012F-4976-837F-399CEA06E2B0}.Ad-Hoc|iPhoneSimulator.ActiveCfg = Debug|Any CPU
		{8A0C18C0-012F-4976-837F-399CEA06E2B0}.Ad-Hoc|iPhoneSimulator.Build.0 = Debug|Any CPU
		{8A0C18C0-012F-4976-837F-399CEA06E2B0}.Ad-Hoc|x64.ActiveCfg = Debug|Any CPU
		{8A0C18C0-012F-4976-837F-399CEA06E2B0}.Ad-Hoc|x64.Build.0 = Debug|Any CPU
		{8A0C18C0-012F-4976-837F-399CEA06E2B0}.Ad-Hoc|x86.ActiveCfg = Debug|Any CPU
		{8A0C18C0-012F-4976-837F-399CEA06E2B0}.Ad-Hoc|x86.Build.0 = Debug|Any CPU
		{8A0C18C0-012F-4976-837F-399CEA06E2B0}.AppStore|Any CPU.ActiveCfg = Debug|Any CPU
		{8A0C18C0-012F-4976-837F-399CEA06E2B0}.AppStore|Any CPU.Build.0 = Debug|Any CPU
		{8A0C18C0-012F-4976-837F-399CEA06E2B0}.AppStore|ARM.ActiveCfg = Debug|Any CPU
		{8A0C18C0-012F-4976-837F-399CEA06E2B0}.AppStore|ARM.Build.0 = Debug|Any CPU
		{8A0C18C0-012F-4976-837F-399CEA06E2B0}.AppStore|iPhone.ActiveCfg = Debug|Any CPU
		{8A0C18C0-012F-4976-837F-399CEA06E2B0}.AppStore|iPhone.Build.0 = Debug|Any CPU
		{8A0C18C0-012F-4976-837F-399CEA06E2B0}.AppStore|iPhoneSimulator.ActiveCfg = Debug|Any CPU
		{8A0C18C0-012F-4976-837F-399CEA06E2B0}.AppStore|iPhoneSimulator.Build.0 = Debug|Any CPU
		{8A0C18C0-012F-4976-837F-399CEA06E2B0}.AppStore|x64.ActiveCfg = Debug|Any CPU
		{8A0C18C0-012F-4976-837F-399CEA06E2B0}.AppStore|x64.Build.0 = Debug|Any CPU
		{8A0C18C0-012F-4976-837F-399CEA06E2B0}.AppStore|x86.ActiveCfg = Debug|Any CPU
		{8A0C18C0-012F-4976-837F-399CEA06E2B0}.AppStore|x86.Build.0 = Debug|Any CPU
		{8A0C18C0-012F-4976-837F-399CEA06E2B0}.Debug|Any CPU.ActiveCfg = Debug|Any CPU
		{8A0C18C0-012F-4976-837F-399CEA06E2B0}.Debug|Any CPU.Build.0 = Debug|Any CPU
		{8A0C18C0-012F-4976-837F-399CEA06E2B0}.Debug|ARM.ActiveCfg = Debug|Any CPU
		{8A0C18C0-012F-4976-837F-399CEA06E2B0}.Debug|ARM.Build.0 = Debug|Any CPU
		{8A0C18C0-012F-4976-837F-399CEA06E2B0}.Debug|iPhone.ActiveCfg = Debug|Any CPU
		{8A0C18C0-012F-4976-837F-399CEA06E2B0}.Debug|iPhone.Build.0 = Debug|Any CPU
		{8A0C18C0-012F-4976-837F-399CEA06E2B0}.Debug|iPhoneSimulator.ActiveCfg = Debug|Any CPU
		{8A0C18C0-012F-4976-837F-399CEA06E2B0}.Debug|iPhoneSimulator.Build.0 = Debug|Any CPU
		{8A0C18C0-012F-4976-837F-399CEA06E2B0}.Debug|x64.ActiveCfg = Debug|Any CPU
		{8A0C18C0-012F-4976-837F-399CEA06E2B0}.Debug|x64.Build.0 = Debug|Any CPU
		{8A0C18C0-012F-4976-837F-399CEA06E2B0}.Debug|x86.ActiveCfg = Debug|Any CPU
		{8A0C18C0-012F-4976-837F-399CEA06E2B0}.Debug|x86.Build.0 = Debug|Any CPU
		{8A0C18C0-012F-4976-837F-399CEA06E2B0}.Release|Any CPU.ActiveCfg = Release|Any CPU
		{8A0C18C0-012F-4976-837F-399CEA06E2B0}.Release|Any CPU.Build.0 = Release|Any CPU
		{8A0C18C0-012F-4976-837F-399CEA06E2B0}.Release|ARM.ActiveCfg = Release|Any CPU
		{8A0C18C0-012F-4976-837F-399CEA06E2B0}.Release|ARM.Build.0 = Release|Any CPU
		{8A0C18C0-012F-4976-837F-399CEA06E2B0}.Release|iPhone.ActiveCfg = Release|Any CPU
		{8A0C18C0-012F-4976-837F-399CEA06E2B0}.Release|iPhone.Build.0 = Release|Any CPU
		{8A0C18C0-012F-4976-837F-399CEA06E2B0}.Release|iPhoneSimulator.ActiveCfg = Release|Any CPU
		{8A0C18C0-012F-4976-837F-399CEA06E2B0}.Release|iPhoneSimulator.Build.0 = Release|Any CPU
		{8A0C18C0-012F-4976-837F-399CEA06E2B0}.Release|x64.ActiveCfg = Release|Any CPU
		{8A0C18C0-012F-4976-837F-399CEA06E2B0}.Release|x64.Build.0 = Release|Any CPU
		{8A0C18C0-012F-4976-837F-399CEA06E2B0}.Release|x86.ActiveCfg = Release|Any CPU
		{8A0C18C0-012F-4976-837F-399CEA06E2B0}.Release|x86.Build.0 = Release|Any CPU
	EndGlobalSection
	GlobalSection(SolutionProperties) = preSolution
		HideSolutionNode = FALSE
	EndGlobalSection
	GlobalSection(ExtensibilityGlobals) = postSolution
		SolutionGuid = {E667B6D8-1B0F-49EC-82B4-750A1E297336}
	EndGlobalSection
EndGlobal
